
Microsoft Visual Studio Solution File, Format Version 12.00
# Visual Studio Version 17
VisualStudioVersion = 17.0.31912.275
MinimumVisualStudioVersion = 10.0.40219.1
Project("{FAE04EC0-301F-11D3-BF4B-00C04F79EFBC}") = "StandardTransaction", "ClassLibrary1\StandardTransaction.csproj", "{B7F9AA06-0920-4669-88C3-8CC904AF8BE1}"
EndProject
Project("{FAE04EC0-301F-11D3-BF4B-00C04F79EFBC}") = "Console.Trigger.StandardTransaction", "Console.Trigger.StandardTransaction\Console.Trigger.StandardTransaction.csproj", "{237183D5-6B28-4A3E-B4B0-BE4FF9370A4E}"
EndProject
Global
	GlobalSection(SolutionConfigurationPlatforms) = preSolution
		Debug|Any CPU = Debug|Any CPU
		Release|Any CPU = Release|Any CPU
	EndGlobalSection
	GlobalSection(ProjectConfigurationPlatforms) = postSolution
		{B7F9AA06-0920-4669-88C3-8CC904AF8BE1}.Debug|Any CPU.ActiveCfg = Debug|Any CPU
		{B7F9AA06-0920-4669-88C3-8CC904AF8BE1}.Debug|Any CPU.Build.0 = Debug|Any CPU
		{B7F9AA06-0920-4669-88C3-8CC904AF8BE1}.Release|Any CPU.ActiveCfg = Release|Any CPU
		{B7F9AA06-0920-4669-88C3-8CC904AF8BE1}.Release|Any CPU.Build.0 = Release|Any CPU
		{237183D5-6B28-4A3E-B4B0-BE4FF9370A4E}.Debug|Any CPU.ActiveCfg = Debug|Any CPU
		{237183D5-6B28-4A3E-B4B0-BE4FF9370A4E}.Debug|Any CPU.Build.0 = Debug|Any CPU
		{237183D5-6B28-4A3E-B4B0-BE4FF9370A4E}.Release|Any CPU.ActiveCfg = Release|Any CPU
		{237183D5-6B28-4A3E-B4B0-BE4FF9370A4E}.Release|Any CPU.Build.0 = Release|Any CPU
	EndGlobalSection
	GlobalSection(SolutionProperties) = preSolution
		HideSolutionNode = FALSE
	EndGlobalSection
	GlobalSection(ExtensibilityGlobals) = postSolution
		SolutionGuid = {2BDC5E4F-5A46-42E1-867E-B4190860454C}
	EndGlobalSection
EndGlobal
